
Microsoft Visual Studio Solution File, Format Version 12.00
# Visual Studio 14
VisualStudioVersion = 14.0.23107.0
MinimumVisualStudioVersion = 10.0.40219.1
Project("{FAE04EC0-301F-11D3-BF4B-00C04F79EFBC}") = "ProcessJS.Plugins", "ProcessJS.Plugins\ProcessJS.Plugins.csproj", "{63C32507-D00B-4E06-9E4D-55D43D257767}"
EndProject
Project("{2150E333-8FDC-42A3-9474-1A3956D46DE8}") = "_libs", "_libs", "{0D421BE9-3F92-4646-A564-945A2D58ADDA}"
	ProjectSection(SolutionItems) = preProject
		_libs\Microsoft.Crm.Sdk.Proxy.dll = _libs\Microsoft.Crm.Sdk.Proxy.dll
		_libs\Microsoft.Xrm.Sdk.dll = _libs\Microsoft.Xrm.Sdk.dll
	EndProjectSection
EndProject
Global
	GlobalSection(SolutionConfigurationPlatforms) = preSolution
		Debug|Any CPU = Debug|Any CPU
		Release|Any CPU = Release|Any CPU
	EndGlobalSection
	GlobalSection(ProjectConfigurationPlatforms) = postSolution
		{63C32507-D00B-4E06-9E4D-55D43D257767}.Debug|Any CPU.ActiveCfg = Debug|Any CPU
		{63C32507-D00B-4E06-9E4D-55D43D257767}.Debug|Any CPU.Build.0 = Debug|Any CPU
		{63C32507-D00B-4E06-9E4D-55D43D257767}.Release|Any CPU.ActiveCfg = Release|Any CPU
		{63C32507-D00B-4E06-9E4D-55D43D257767}.Release|Any CPU.Build.0 = Release|Any CPU
	EndGlobalSection
	GlobalSection(SolutionProperties) = preSolution
		HideSolutionNode = FALSE
	EndGlobalSection
	GlobalSection(TeamFoundationVersionControl) = preSolution
		SccNumberOfProjects = 2
		SccEnterpriseProvider = {4CA58AB2-18FA-4F8D-95D4-32DDF27D184C}
		SccTeamFoundationServer = https://tfs.codeplex.com/tfs/tfs40
		SccLocalPath0 = .
		SccProjectUniqueName1 = ProcessJS.Plugins\\ProcessJS.Plugins.csproj
		SccProjectName1 = ProcessJS.Plugins
		SccLocalPath1 = ProcessJS.Plugins
	EndGlobalSection
EndGlobal
